
Microsoft Visual Studio Solution File, Format Version 12.00
# Visual Studio Version 17
VisualStudioVersion = 17.9.34616.47
MinimumVisualStudioVersion = 10.0.40219.1
Project("{FAE04EC0-301F-11D3-BF4B-00C04F79EFBC}") = "ClinicPro", "ClinicPro\ClinicPro.csproj", "{BDE5C2D6-417D-4535-B34A-5916E8F7932C}"
EndProject
Global
	GlobalSection(SolutionConfigurationPlatforms) = preSolution
		Debug|Any CPU = Debug|Any CPU
		Release|Any CPU = Release|Any CPU
	EndGlobalSection
	GlobalSection(ProjectConfigurationPlatforms) = postSolution
		{BDE5C2D6-417D-4535-B34A-5916E8F7932C}.Debug|Any CPU.ActiveCfg = Debug|Any CPU
		{BDE5C2D6-417D-4535-B34A-5916E8F7932C}.Debug|Any CPU.Build.0 = Debug|Any CPU
		{BDE5C2D6-417D-4535-B34A-5916E8F7932C}.Release|Any CPU.ActiveCfg = Release|Any CPU
		{BDE5C2D6-417D-4535-B34A-5916E8F7932C}.Release|Any CPU.Build.0 = Release|Any CPU
	EndGlobalSection
	GlobalSection(SolutionProperties) = preSolution
		HideSolutionNode = FALSE
	EndGlobalSection
	GlobalSection(ExtensibilityGlobals) = postSolution
		SolutionGuid = {5DBE891E-DC90-4E4C-9C03-84DC895AA765}
	EndGlobalSection
EndGlobal
